// !$*UTF8*$!
{
	archiveVersion = 1;
	classes = {
	};
	objectVersion = 56;
	objects = {

/* Begin PBXBuildFile section */
		A0389764296C83EF00E0AED7 /* ProfileViewController.swift in Sources */ = {isa = PBXBuildFile; fileRef = A0389763296C83EF00E0AED7 /* ProfileViewController.swift */; };
		A06090F029AA217100541B88 /* Constants.swift in Sources */ = {isa = PBXBuildFile; fileRef = A06090EF29AA217100541B88 /* Constants.swift */; };
		A06090F729AA21BC00541B88 /* OAuth2Service.swift in Sources */ = {isa = PBXBuildFile; fileRef = A06090F529AA21BC00541B88 /* OAuth2Service.swift */; };
		A06090F829AA21BC00541B88 /* OAuth2TokenStorage.swift in Sources */ = {isa = PBXBuildFile; fileRef = A06090F629AA21BC00541B88 /* OAuth2TokenStorage.swift */; };
		A06090FB29AA21D000541B88 /* SingleViewController.swift in Sources */ = {isa = PBXBuildFile; fileRef = A06090FA29AA21D000541B88 /* SingleViewController.swift */; };
		A06090FE29AA21D700541B88 /* SplashViewController.swift in Sources */ = {isa = PBXBuildFile; fileRef = A06090FD29AA21D700541B88 /* SplashViewController.swift */; };
		A060911E29AA25C300541B88 /* UIView.swift in Sources */ = {isa = PBXBuildFile; fileRef = A060911829AA25C300541B88 /* UIView.swift */; };
		A060911F29AA25C300541B88 /* URLRequest.swift in Sources */ = {isa = PBXBuildFile; fileRef = A060911929AA25C300541B88 /* URLRequest.swift */; };
		A060912029AA25C300541B88 /* URLSession.swift in Sources */ = {isa = PBXBuildFile; fileRef = A060911A29AA25C300541B88 /* URLSession.swift */; };
		A060912129AA25C300541B88 /* UIImage.swift in Sources */ = {isa = PBXBuildFile; fileRef = A060911B29AA25C300541B88 /* UIImage.swift */; };
		A060912229AA25C300541B88 /* UIFont.swift in Sources */ = {isa = PBXBuildFile; fileRef = A060911C29AA25C300541B88 /* UIFont.swift */; };
		A060912329AA25C300541B88 /* UILabel.swift in Sources */ = {isa = PBXBuildFile; fileRef = A060911D29AA25C300541B88 /* UILabel.swift */; };
		A060912629AA25C900541B88 /* UIBlockingProgressHUD.swift in Sources */ = {isa = PBXBuildFile; fileRef = A060912529AA25C900541B88 /* UIBlockingProgressHUD.swift */; };
		A060912929AA25DD00541B88 /* ProfileImageService.swift in Sources */ = {isa = PBXBuildFile; fileRef = A060912729AA25DD00541B88 /* ProfileImageService.swift */; };
		A060912A29AA25DD00541B88 /* ProfileService.swift in Sources */ = {isa = PBXBuildFile; fileRef = A060912829AA25DD00541B88 /* ProfileService.swift */; };
		A060912C29AA25F500541B88 /* TabBarController.swift in Sources */ = {isa = PBXBuildFile; fileRef = A060912B29AA25F500541B88 /* TabBarController.swift */; };
		A060912E29AA25F900541B88 /* UIColor+Extensions.swift in Sources */ = {isa = PBXBuildFile; fileRef = A060912D29AA25F900541B88 /* UIColor+Extensions.swift */; };
		A060913129AA4C9D00541B88 /* ProgressHUD in Frameworks */ = {isa = PBXBuildFile; productRef = A060913029AA4C9D00541B88 /* ProgressHUD */; };
		A060913429AA4E5B00541B88 /* Kingfisher in Frameworks */ = {isa = PBXBuildFile; productRef = A060913329AA4E5B00541B88 /* Kingfisher */; };
		A060913729AA4E9300541B88 /* SwiftKeychainWrapper in Frameworks */ = {isa = PBXBuildFile; productRef = A060913629AA4E9300541B88 /* SwiftKeychainWrapper */; };
		A0663D3D29D04B1400B8AB02 /* AuthConfiguration.swift in Sources */ = {isa = PBXBuildFile; fileRef = A0663D3C29D04B1400B8AB02 /* AuthConfiguration.swift */; };
		A0663D3F29D04B1900B8AB02 /* AuthHelper.swift in Sources */ = {isa = PBXBuildFile; fileRef = A0663D3E29D04B1900B8AB02 /* AuthHelper.swift */; };
		A0663D4129D04B2400B8AB02 /* WebViewPresenter.swift in Sources */ = {isa = PBXBuildFile; fileRef = A0663D4029D04B2400B8AB02 /* WebViewPresenter.swift */; };
		A0663D4329D04CAC00B8AB02 /* ImagesListCellDelegate.swift in Sources */ = {isa = PBXBuildFile; fileRef = A0663D4229D04CAC00B8AB02 /* ImagesListCellDelegate.swift */; };
		A0663D4529D04CB700B8AB02 /* ImagesListService.swift in Sources */ = {isa = PBXBuildFile; fileRef = A0663D4429D04CB700B8AB02 /* ImagesListService.swift */; };
		A0663D4A29D04E6900B8AB02 /* Photo.swift in Sources */ = {isa = PBXBuildFile; fileRef = A0663D4929D04E6900B8AB02 /* Photo.swift */; };
		A0663D5B29D0920000B8AB02 /* WebViewTests.swift in Sources */ = {isa = PBXBuildFile; fileRef = A0663D5829D0920000B8AB02 /* WebViewTests.swift */; };
		A0663D5C29D0920000B8AB02 /* WebViewViewControllerSpy.swift in Sources */ = {isa = PBXBuildFile; fileRef = A0663D5929D0920000B8AB02 /* WebViewViewControllerSpy.swift */; };
		A0663D5D29D0920000B8AB02 /* WebViewPresenterSpy.swift in Sources */ = {isa = PBXBuildFile; fileRef = A0663D5A29D0920000B8AB02 /* WebViewPresenterSpy.swift */; };
		A0663D6529D0921200B8AB02 /* ImageFeedUITests.swift in Sources */ = {isa = PBXBuildFile; fileRef = A0663D6429D0921200B8AB02 /* ImageFeedUITests.swift */; };
		A0663D6729D0921200B8AB02 /* ImageFeedUITestsLaunchTests.swift in Sources */ = {isa = PBXBuildFile; fileRef = A0663D6629D0921200B8AB02 /* ImageFeedUITestsLaunchTests.swift */; };
		A077D143296989F900B4E69D /* ImagesListCell.swift in Sources */ = {isa = PBXBuildFile; fileRef = A077D142296989F900B4E69D /* ImagesListCell.swift */; };
		A0BC607E29A27A5300037ACB /* AuthViewController.swift in Sources */ = {isa = PBXBuildFile; fileRef = A0BC607D29A27A5300037ACB /* AuthViewController.swift */; };
		A0BC608029A27ACD00037ACB /* WebViewViewController.swift in Sources */ = {isa = PBXBuildFile; fileRef = A0BC607F29A27ACD00037ACB /* WebViewViewController.swift */; };
		A0BCDC7429658ED000132302 /* AppDelegate.swift in Sources */ = {isa = PBXBuildFile; fileRef = A0BCDC7329658ED000132302 /* AppDelegate.swift */; };
		A0BCDC7629658ED000132302 /* SceneDelegate.swift in Sources */ = {isa = PBXBuildFile; fileRef = A0BCDC7529658ED000132302 /* SceneDelegate.swift */; };
		A0BCDC7829658ED000132302 /* ImagesListViewController.swift in Sources */ = {isa = PBXBuildFile; fileRef = A0BCDC7729658ED000132302 /* ImagesListViewController.swift */; };
		A0BCDC7B29658ED000132302 /* Main.storyboard in Resources */ = {isa = PBXBuildFile; fileRef = A0BCDC7929658ED000132302 /* Main.storyboard */; };
		A0BCDC7D29658ED100132302 /* Assets.xcassets in Resources */ = {isa = PBXBuildFile; fileRef = A0BCDC7C29658ED100132302 /* Assets.xcassets */; };
		A0BCDC8029658ED100132302 /* LaunchScreen.storyboard in Resources */ = {isa = PBXBuildFile; fileRef = A0BCDC7E29658ED100132302 /* LaunchScreen.storyboard */; };
/* End PBXBuildFile section */

/* Begin PBXContainerItemProxy section */
		A0663D5329D091DD00B8AB02 /* PBXContainerItemProxy */ = {
			isa = PBXContainerItemProxy;
			containerPortal = A0BCDC6829658ED000132302 /* Project object */;
			proxyType = 1;
			remoteGlobalIDString = A0BCDC6F29658ED000132302;
			remoteInfo = ImageFeed;
		};
		A0663D6829D0921200B8AB02 /* PBXContainerItemProxy */ = {
			isa = PBXContainerItemProxy;
			containerPortal = A0BCDC6829658ED000132302 /* Project object */;
			proxyType = 1;
			remoteGlobalIDString = A0BCDC6F29658ED000132302;
			remoteInfo = ImageFeed;
		};
/* End PBXContainerItemProxy section */

/* Begin PBXFileReference section */
		A0389763296C83EF00E0AED7 /* ProfileViewController.swift */ = {isa = PBXFileReference; fileEncoding = 4; lastKnownFileType = sourcecode.swift; path = ProfileViewController.swift; sourceTree = "<group>"; };
		A06090EF29AA217100541B88 /* Constants.swift */ = {isa = PBXFileReference; fileEncoding = 4; lastKnownFileType = sourcecode.swift; path = Constants.swift; sourceTree = "<group>"; };
		A06090F529AA21BC00541B88 /* OAuth2Service.swift */ = {isa = PBXFileReference; fileEncoding = 4; lastKnownFileType = sourcecode.swift; path = OAuth2Service.swift; sourceTree = "<group>"; };
		A06090F629AA21BC00541B88 /* OAuth2TokenStorage.swift */ = {isa = PBXFileReference; fileEncoding = 4; lastKnownFileType = sourcecode.swift; path = OAuth2TokenStorage.swift; sourceTree = "<group>"; };
		A06090FA29AA21D000541B88 /* SingleViewController.swift */ = {isa = PBXFileReference; fileEncoding = 4; lastKnownFileType = sourcecode.swift; path = SingleViewController.swift; sourceTree = "<group>"; };
		A06090FD29AA21D700541B88 /* SplashViewController.swift */ = {isa = PBXFileReference; fileEncoding = 4; lastKnownFileType = sourcecode.swift; path = SplashViewController.swift; sourceTree = "<group>"; };
		A060911829AA25C300541B88 /* UIView.swift */ = {isa = PBXFileReference; fileEncoding = 4; lastKnownFileType = sourcecode.swift; path = UIView.swift; sourceTree = "<group>"; };
		A060911929AA25C300541B88 /* URLRequest.swift */ = {isa = PBXFileReference; fileEncoding = 4; lastKnownFileType = sourcecode.swift; path = URLRequest.swift; sourceTree = "<group>"; };
		A060911A29AA25C300541B88 /* URLSession.swift */ = {isa = PBXFileReference; fileEncoding = 4; lastKnownFileType = sourcecode.swift; path = URLSession.swift; sourceTree = "<group>"; };
		A060911B29AA25C300541B88 /* UIImage.swift */ = {isa = PBXFileReference; fileEncoding = 4; lastKnownFileType = sourcecode.swift; path = UIImage.swift; sourceTree = "<group>"; };
		A060911C29AA25C300541B88 /* UIFont.swift */ = {isa = PBXFileReference; fileEncoding = 4; lastKnownFileType = sourcecode.swift; path = UIFont.swift; sourceTree = "<group>"; };
		A060911D29AA25C300541B88 /* UILabel.swift */ = {isa = PBXFileReference; fileEncoding = 4; lastKnownFileType = sourcecode.swift; path = UILabel.swift; sourceTree = "<group>"; };
		A060912529AA25C900541B88 /* UIBlockingProgressHUD.swift */ = {isa = PBXFileReference; fileEncoding = 4; lastKnownFileType = sourcecode.swift; path = UIBlockingProgressHUD.swift; sourceTree = "<group>"; };
		A060912729AA25DD00541B88 /* ProfileImageService.swift */ = {isa = PBXFileReference; fileEncoding = 4; lastKnownFileType = sourcecode.swift; path = ProfileImageService.swift; sourceTree = "<group>"; };
		A060912829AA25DD00541B88 /* ProfileService.swift */ = {isa = PBXFileReference; fileEncoding = 4; lastKnownFileType = sourcecode.swift; path = ProfileService.swift; sourceTree = "<group>"; };
		A060912B29AA25F500541B88 /* TabBarController.swift */ = {isa = PBXFileReference; fileEncoding = 4; lastKnownFileType = sourcecode.swift; path = TabBarController.swift; sourceTree = "<group>"; };
		A060912D29AA25F900541B88 /* UIColor+Extensions.swift */ = {isa = PBXFileReference; fileEncoding = 4; lastKnownFileType = sourcecode.swift; path = "UIColor+Extensions.swift"; sourceTree = "<group>"; };
		A0663D3C29D04B1400B8AB02 /* AuthConfiguration.swift */ = {isa = PBXFileReference; fileEncoding = 4; lastKnownFileType = sourcecode.swift; path = AuthConfiguration.swift; sourceTree = "<group>"; };
		A0663D3E29D04B1900B8AB02 /* AuthHelper.swift */ = {isa = PBXFileReference; fileEncoding = 4; lastKnownFileType = sourcecode.swift; path = AuthHelper.swift; sourceTree = "<group>"; };
		A0663D4029D04B2400B8AB02 /* WebViewPresenter.swift */ = {isa = PBXFileReference; fileEncoding = 4; lastKnownFileType = sourcecode.swift; path = WebViewPresenter.swift; sourceTree = "<group>"; };
		A0663D4229D04CAC00B8AB02 /* ImagesListCellDelegate.swift */ = {isa = PBXFileReference; fileEncoding = 4; lastKnownFileType = sourcecode.swift; path = ImagesListCellDelegate.swift; sourceTree = "<group>"; };
		A0663D4429D04CB700B8AB02 /* ImagesListService.swift */ = {isa = PBXFileReference; fileEncoding = 4; lastKnownFileType = sourcecode.swift; path = ImagesListService.swift; sourceTree = "<group>"; };
		A0663D4929D04E6900B8AB02 /* Photo.swift */ = {isa = PBXFileReference; fileEncoding = 4; lastKnownFileType = sourcecode.swift; path = Photo.swift; sourceTree = "<group>"; };
		A0663D4F29D091DC00B8AB02 /* ImageFeedTests.xctest */ = {isa = PBXFileReference; explicitFileType = wrapper.cfbundle; includeInIndex = 0; path = ImageFeedTests.xctest; sourceTree = BUILT_PRODUCTS_DIR; };
		A0663D5829D0920000B8AB02 /* WebViewTests.swift */ = {isa = PBXFileReference; fileEncoding = 4; lastKnownFileType = sourcecode.swift; path = WebViewTests.swift; sourceTree = "<group>"; };
		A0663D5929D0920000B8AB02 /* WebViewViewControllerSpy.swift */ = {isa = PBXFileReference; fileEncoding = 4; lastKnownFileType = sourcecode.swift; path = WebViewViewControllerSpy.swift; sourceTree = "<group>"; };
		A0663D5A29D0920000B8AB02 /* WebViewPresenterSpy.swift */ = {isa = PBXFileReference; fileEncoding = 4; lastKnownFileType = sourcecode.swift; path = WebViewPresenterSpy.swift; sourceTree = "<group>"; };
		A0663D6229D0921200B8AB02 /* ImageFeedUITests.xctest */ = {isa = PBXFileReference; explicitFileType = wrapper.cfbundle; includeInIndex = 0; path = ImageFeedUITests.xctest; sourceTree = BUILT_PRODUCTS_DIR; };
		A0663D6429D0921200B8AB02 /* ImageFeedUITests.swift */ = {isa = PBXFileReference; lastKnownFileType = sourcecode.swift; path = ImageFeedUITests.swift; sourceTree = "<group>"; };
		A0663D6629D0921200B8AB02 /* ImageFeedUITestsLaunchTests.swift */ = {isa = PBXFileReference; lastKnownFileType = sourcecode.swift; path = ImageFeedUITestsLaunchTests.swift; sourceTree = "<group>"; };
		A077D142296989F900B4E69D /* ImagesListCell.swift */ = {isa = PBXFileReference; lastKnownFileType = sourcecode.swift; path = ImagesListCell.swift; sourceTree = "<group>"; };
		A0BC607D29A27A5300037ACB /* AuthViewController.swift */ = {isa = PBXFileReference; fileEncoding = 4; lastKnownFileType = sourcecode.swift; path = AuthViewController.swift; sourceTree = "<group>"; };
		A0BC607F29A27ACD00037ACB /* WebViewViewController.swift */ = {isa = PBXFileReference; fileEncoding = 4; lastKnownFileType = sourcecode.swift; path = WebViewViewController.swift; sourceTree = "<group>"; };
		A0BCDC7029658ED000132302 /* ImageFeed.app */ = {isa = PBXFileReference; explicitFileType = wrapper.application; includeInIndex = 0; path = ImageFeed.app; sourceTree = BUILT_PRODUCTS_DIR; };
		A0BCDC7329658ED000132302 /* AppDelegate.swift */ = {isa = PBXFileReference; lastKnownFileType = sourcecode.swift; path = AppDelegate.swift; sourceTree = "<group>"; };
		A0BCDC7529658ED000132302 /* SceneDelegate.swift */ = {isa = PBXFileReference; lastKnownFileType = sourcecode.swift; path = SceneDelegate.swift; sourceTree = "<group>"; };
		A0BCDC7729658ED000132302 /* ImagesListViewController.swift */ = {isa = PBXFileReference; lastKnownFileType = sourcecode.swift; path = ImagesListViewController.swift; sourceTree = "<group>"; };
		A0BCDC7A29658ED000132302 /* Base */ = {isa = PBXFileReference; lastKnownFileType = file.storyboard; name = Base; path = Base.lproj/Main.storyboard; sourceTree = "<group>"; };
		A0BCDC7C29658ED100132302 /* Assets.xcassets */ = {isa = PBXFileReference; lastKnownFileType = folder.assetcatalog; path = Assets.xcassets; sourceTree = "<group>"; };
		A0BCDC7F29658ED100132302 /* Base */ = {isa = PBXFileReference; lastKnownFileType = file.storyboard; name = Base; path = Base.lproj/LaunchScreen.storyboard; sourceTree = "<group>"; };
		A0BCDC8129658ED100132302 /* Info.plist */ = {isa = PBXFileReference; lastKnownFileType = text.plist.xml; path = Info.plist; sourceTree = "<group>"; };
/* End PBXFileReference section */

/* Begin PBXFrameworksBuildPhase section */
		A0663D4C29D091DC00B8AB02 /* Frameworks */ = {
			isa = PBXFrameworksBuildPhase;
			buildActionMask = 2147483647;
			files = (
			);
			runOnlyForDeploymentPostprocessing = 0;
		};
		A0663D5F29D0921200B8AB02 /* Frameworks */ = {
			isa = PBXFrameworksBuildPhase;
			buildActionMask = 2147483647;
			files = (
			);
			runOnlyForDeploymentPostprocessing = 0;
		};
		A0BCDC6D29658ED000132302 /* Frameworks */ = {
			isa = PBXFrameworksBuildPhase;
			buildActionMask = 2147483647;
			files = (
				A060913429AA4E5B00541B88 /* Kingfisher in Frameworks */,
				A060913129AA4C9D00541B88 /* ProgressHUD in Frameworks */,
				A060913729AA4E9300541B88 /* SwiftKeychainWrapper in Frameworks */,
			);
			runOnlyForDeploymentPostprocessing = 0;
		};
/* End PBXFrameworksBuildPhase section */

/* Begin PBXGroup section */
		A0389762296C83EF00E0AED7 /* Profile */ = {
			isa = PBXGroup;
			children = (
				A060912729AA25DD00541B88 /* ProfileImageService.swift */,
				A060912829AA25DD00541B88 /* ProfileService.swift */,
				A0389763296C83EF00E0AED7 /* ProfileViewController.swift */,
			);
			path = Profile;
			sourceTree = "<group>";
		};
		A06090EE29AA217100541B88 /* Constants */ = {
			isa = PBXGroup;
			children = (
				A06090EF29AA217100541B88 /* Constants.swift */,
			);
			path = Constants;
			sourceTree = "<group>";
		};
		A06090F429AA21BC00541B88 /* OAuth2 */ = {
			isa = PBXGroup;
			children = (
				A06090F529AA21BC00541B88 /* OAuth2Service.swift */,
				A06090F629AA21BC00541B88 /* OAuth2TokenStorage.swift */,
			);
			name = OAuth2;
			path = ImageFeed/OAuth2;
			sourceTree = SOURCE_ROOT;
		};
		A06090F929AA21D000541B88 /* SingleImage */ = {
			isa = PBXGroup;
			children = (
				A06090FA29AA21D000541B88 /* SingleViewController.swift */,
			);
			path = SingleImage;
			sourceTree = "<group>";
		};
		A06090FC29AA21D700541B88 /* SplashViewController */ = {
			isa = PBXGroup;
			children = (
				A06090FD29AA21D700541B88 /* SplashViewController.swift */,
			);
			path = SplashViewController;
			sourceTree = "<group>";
		};
		A060911729AA25C300541B88 /* Extensions */ = {
			isa = PBXGroup;
			children = (
				A060911829AA25C300541B88 /* UIView.swift */,
				A060911929AA25C300541B88 /* URLRequest.swift */,
				A060911A29AA25C300541B88 /* URLSession.swift */,
				A060911B29AA25C300541B88 /* UIImage.swift */,
				A060911C29AA25C300541B88 /* UIFont.swift */,
				A060911D29AA25C300541B88 /* UILabel.swift */,
			);
			path = Extensions;
			sourceTree = "<group>";
		};
		A060912429AA25C900541B88 /* Helpers */ = {
			isa = PBXGroup;
			children = (
				A060912529AA25C900541B88 /* UIBlockingProgressHUD.swift */,
			);
			path = Helpers;
			sourceTree = "<group>";
		};
		A0663D4829D04E6900B8AB02 /* Model */ = {
			isa = PBXGroup;
			children = (
				A0663D4929D04E6900B8AB02 /* Photo.swift */,
			);
			path = Model;
			sourceTree = "<group>";
		};
		A0663D5029D091DC00B8AB02 /* ImageFeedTests */ = {
			isa = PBXGroup;
			children = (
				A0663D5A29D0920000B8AB02 /* WebViewPresenterSpy.swift */,
				A0663D5829D0920000B8AB02 /* WebViewTests.swift */,
				A0663D5929D0920000B8AB02 /* WebViewViewControllerSpy.swift */,
			);
			path = ImageFeedTests;
			sourceTree = "<group>";
		};
		A0663D6329D0921200B8AB02 /* ImageFeedUITests */ = {
			isa = PBXGroup;
			children = (
				A0663D6429D0921200B8AB02 /* ImageFeedUITests.swift */,
				A0663D6629D0921200B8AB02 /* ImageFeedUITestsLaunchTests.swift */,
			);
			path = ImageFeedUITests;
			sourceTree = "<group>";
		};
		A077D14429698A1500B4E69D /* ImagesList */ = {
			isa = PBXGroup;
			children = (
				A0BCDC7729658ED000132302 /* ImagesListViewController.swift */,
				A0663D4229D04CAC00B8AB02 /* ImagesListCellDelegate.swift */,
				A0663D4429D04CB700B8AB02 /* ImagesListService.swift */,
				A077D142296989F900B4E69D /* ImagesListCell.swift */,
			);
			path = ImagesList;
			sourceTree = "<group>";
		};
		A0BC607C29A27A5300037ACB /* Auth */ = {
			isa = PBXGroup;
			children = (
				A0663D3C29D04B1400B8AB02 /* AuthConfiguration.swift */,
				A0663D3E29D04B1900B8AB02 /* AuthHelper.swift */,
				A0663D4029D04B2400B8AB02 /* WebViewPresenter.swift */,
				A0BC607F29A27ACD00037ACB /* WebViewViewController.swift */,
				A0BC607D29A27A5300037ACB /* AuthViewController.swift */,
			);
			path = Auth;
			sourceTree = "<group>";
		};
		A0BCDC6729658ED000132302 = {
			isa = PBXGroup;
			children = (
				A0BCDC7229658ED000132302 /* ImageFeed */,
				A0663D5029D091DC00B8AB02 /* ImageFeedTests */,
				A0663D6329D0921200B8AB02 /* ImageFeedUITests */,
				A0BCDC7129658ED000132302 /* Products */,
			);
			sourceTree = "<group>";
		};
		A0BCDC7129658ED000132302 /* Products */ = {
			isa = PBXGroup;
			children = (
				A0BCDC7029658ED000132302 /* ImageFeed.app */,
				A0663D4F29D091DC00B8AB02 /* ImageFeedTests.xctest */,
				A0663D6229D0921200B8AB02 /* ImageFeedUITests.xctest */,
			);
			name = Products;
			sourceTree = "<group>";
		};
		A0BCDC7229658ED000132302 /* ImageFeed */ = {
			isa = PBXGroup;
			children = (
				A0663D4829D04E6900B8AB02 /* Model */,
				A060912D29AA25F900541B88 /* UIColor+Extensions.swift */,
				A060912B29AA25F500541B88 /* TabBarController.swift */,
				A060912429AA25C900541B88 /* Helpers */,
				A060911729AA25C300541B88 /* Extensions */,
				A06090FC29AA21D700541B88 /* SplashViewController */,
				A06090F929AA21D000541B88 /* SingleImage */,
				A06090F429AA21BC00541B88 /* OAuth2 */,
				A06090EE29AA217100541B88 /* Constants */,
				A0BC607C29A27A5300037ACB /* Auth */,
				A0389762296C83EF00E0AED7 /* Profile */,
				A077D14429698A1500B4E69D /* ImagesList */,
				A0BCDC7329658ED000132302 /* AppDelegate.swift */,
				A0BCDC7529658ED000132302 /* SceneDelegate.swift */,
				A0BCDC7929658ED000132302 /* Main.storyboard */,
				A0BCDC7C29658ED100132302 /* Assets.xcassets */,
				A0BCDC7E29658ED100132302 /* LaunchScreen.storyboard */,
				A0BCDC8129658ED100132302 /* Info.plist */,
			);
			path = ImageFeed;
			sourceTree = "<group>";
		};
/* End PBXGroup section */

/* Begin PBXNativeTarget section */
		A0663D4E29D091DC00B8AB02 /* ImageFeedTests */ = {
			isa = PBXNativeTarget;
			buildConfigurationList = A0663D5529D091DD00B8AB02 /* Build configuration list for PBXNativeTarget "ImageFeedTests" */;
			buildPhases = (
				A0663D4B29D091DC00B8AB02 /* Sources */,
				A0663D4C29D091DC00B8AB02 /* Frameworks */,
				A0663D4D29D091DC00B8AB02 /* Resources */,
			);
			buildRules = (
			);
			dependencies = (
				A0663D5429D091DD00B8AB02 /* PBXTargetDependency */,
			);
			name = ImageFeedTests;
			productName = ImageFeedTests;
			productReference = A0663D4F29D091DC00B8AB02 /* ImageFeedTests.xctest */;
			productType = "com.apple.product-type.bundle.unit-test";
		};
		A0663D6129D0921200B8AB02 /* ImageFeedUITests */ = {
			isa = PBXNativeTarget;
			buildConfigurationList = A0663D6A29D0921200B8AB02 /* Build configuration list for PBXNativeTarget "ImageFeedUITests" */;
			buildPhases = (
				A0663D5E29D0921200B8AB02 /* Sources */,
				A0663D5F29D0921200B8AB02 /* Frameworks */,
				A0663D6029D0921200B8AB02 /* Resources */,
			);
			buildRules = (
			);
			dependencies = (
				A0663D6929D0921200B8AB02 /* PBXTargetDependency */,
			);
			name = ImageFeedUITests;
			productName = ImageFeedUITests;
			productReference = A0663D6229D0921200B8AB02 /* ImageFeedUITests.xctest */;
			productType = "com.apple.product-type.bundle.ui-testing";
		};
		A0BCDC6F29658ED000132302 /* ImageFeed */ = {
			isa = PBXNativeTarget;
			buildConfigurationList = A0BCDC8429658ED100132302 /* Build configuration list for PBXNativeTarget "ImageFeed" */;
			buildPhases = (
				A0BCDC6C29658ED000132302 /* Sources */,
				A0BCDC6D29658ED000132302 /* Frameworks */,
				A0BCDC6E29658ED000132302 /* Resources */,
			);
			buildRules = (
			);
			dependencies = (
			);
			name = ImageFeed;
			packageProductDependencies = (
				A060913029AA4C9D00541B88 /* ProgressHUD */,
				A060913329AA4E5B00541B88 /* Kingfisher */,
				A060913629AA4E9300541B88 /* SwiftKeychainWrapper */,
			);
			productName = ImageFeed;
			productReference = A0BCDC7029658ED000132302 /* ImageFeed.app */;
			productType = "com.apple.product-type.application";
		};
/* End PBXNativeTarget section */

/* Begin PBXProject section */
		A0BCDC6829658ED000132302 /* Project object */ = {
			isa = PBXProject;
			attributes = {
				BuildIndependentTargetsInParallel = 1;
				LastSwiftUpdateCheck = 1420;
				LastUpgradeCheck = 1420;
				TargetAttributes = {
					A0663D4E29D091DC00B8AB02 = {
						CreatedOnToolsVersion = 14.2;
						TestTargetID = A0BCDC6F29658ED000132302;
					};
					A0663D6129D0921200B8AB02 = {
						CreatedOnToolsVersion = 14.2;
						TestTargetID = A0BCDC6F29658ED000132302;
					};
					A0BCDC6F29658ED000132302 = {
						CreatedOnToolsVersion = 14.2;
					};
				};
			};
			buildConfigurationList = A0BCDC6B29658ED000132302 /* Build configuration list for PBXProject "ImageFeed" */;
			compatibilityVersion = "Xcode 14.0";
			developmentRegion = en;
			hasScannedForEncodings = 0;
			knownRegions = (
				en,
				Base,
			);
			mainGroup = A0BCDC6729658ED000132302;
			packageReferences = (
				A060912F29AA4C9D00541B88 /* XCRemoteSwiftPackageReference "ProgressHUD" */,
				A060913229AA4E5B00541B88 /* XCRemoteSwiftPackageReference "Kingfisher" */,
				A060913529AA4E9300541B88 /* XCRemoteSwiftPackageReference "SwiftKeychainWrapper" */,
			);
			productRefGroup = A0BCDC7129658ED000132302 /* Products */;
			projectDirPath = "";
			projectRoot = "";
			targets = (
				A0BCDC6F29658ED000132302 /* ImageFeed */,
				A0663D4E29D091DC00B8AB02 /* ImageFeedTests */,
				A0663D6129D0921200B8AB02 /* ImageFeedUITests */,
			);
		};
/* End PBXProject section */

/* Begin PBXResourcesBuildPhase section */
		A0663D4D29D091DC00B8AB02 /* Resources */ = {
			isa = PBXResourcesBuildPhase;
			buildActionMask = 2147483647;
			files = (
			);
			runOnlyForDeploymentPostprocessing = 0;
		};
		A0663D6029D0921200B8AB02 /* Resources */ = {
			isa = PBXResourcesBuildPhase;
			buildActionMask = 2147483647;
			files = (
			);
			runOnlyForDeploymentPostprocessing = 0;
		};
		A0BCDC6E29658ED000132302 /* Resources */ = {
			isa = PBXResourcesBuildPhase;
			buildActionMask = 2147483647;
			files = (
				A0BCDC8029658ED100132302 /* LaunchScreen.storyboard in Resources */,
				A0BCDC7D29658ED100132302 /* Assets.xcassets in Resources */,
				A0BCDC7B29658ED000132302 /* Main.storyboard in Resources */,
			);
			runOnlyForDeploymentPostprocessing = 0;
		};
/* End PBXResourcesBuildPhase section */

/* Begin PBXSourcesBuildPhase section */
		A0663D4B29D091DC00B8AB02 /* Sources */ = {
			isa = PBXSourcesBuildPhase;
			buildActionMask = 2147483647;
			files = (
				A0663D5D29D0920000B8AB02 /* WebViewPresenterSpy.swift in Sources */,
				A0663D5C29D0920000B8AB02 /* WebViewViewControllerSpy.swift in Sources */,
				A0663D5B29D0920000B8AB02 /* WebViewTests.swift in Sources */,
			);
			runOnlyForDeploymentPostprocessing = 0;
		};
		A0663D5E29D0921200B8AB02 /* Sources */ = {
			isa = PBXSourcesBuildPhase;
			buildActionMask = 2147483647;
			files = (
				A0663D6729D0921200B8AB02 /* ImageFeedUITestsLaunchTests.swift in Sources */,
				A0663D6529D0921200B8AB02 /* ImageFeedUITests.swift in Sources */,
			);
			runOnlyForDeploymentPostprocessing = 0;
		};
		A0BCDC6C29658ED000132302 /* Sources */ = {
			isa = PBXSourcesBuildPhase;
			buildActionMask = 2147483647;
			files = (
				A060911E29AA25C300541B88 /* UIView.swift in Sources */,
				A0663D3D29D04B1400B8AB02 /* AuthConfiguration.swift in Sources */,
				A0663D4329D04CAC00B8AB02 /* ImagesListCellDelegate.swift in Sources */,
				A060912229AA25C300541B88 /* UIFont.swift in Sources */,
				A060911F29AA25C300541B88 /* URLRequest.swift in Sources */,
				A0663D3F29D04B1900B8AB02 /* AuthHelper.swift in Sources */,
				A060912029AA25C300541B88 /* URLSession.swift in Sources */,
				A060912329AA25C300541B88 /* UILabel.swift in Sources */,
				A0BCDC7829658ED000132302 /* ImagesListViewController.swift in Sources */,
				A077D143296989F900B4E69D /* ImagesListCell.swift in Sources */,
				A0389764296C83EF00E0AED7 /* ProfileViewController.swift in Sources */,
				A0BCDC7429658ED000132302 /* AppDelegate.swift in Sources */,
				A060912629AA25C900541B88 /* UIBlockingProgressHUD.swift in Sources */,
				A06090F829AA21BC00541B88 /* OAuth2TokenStorage.swift in Sources */,
				A06090FE29AA21D700541B88 /* SplashViewController.swift in Sources */,
				A060912129AA25C300541B88 /* UIImage.swift in Sources */,
				A060912C29AA25F500541B88 /* TabBarController.swift in Sources */,
				A06090FB29AA21D000541B88 /* SingleViewController.swift in Sources */,
				A0BC607E29A27A5300037ACB /* AuthViewController.swift in Sources */,
				A0BC608029A27ACD00037ACB /* WebViewViewController.swift in Sources */,
				A0BCDC7629658ED000132302 /* SceneDelegate.swift in Sources */,
				A0663D4129D04B2400B8AB02 /* WebViewPresenter.swift in Sources */,
				A060912929AA25DD00541B88 /* ProfileImageService.swift in Sources */,
				A06090F729AA21BC00541B88 /* OAuth2Service.swift in Sources */,
				A06090F029AA217100541B88 /* Constants.swift in Sources */,
				A0663D4529D04CB700B8AB02 /* ImagesListService.swift in Sources */,
				A060912E29AA25F900541B88 /* UIColor+Extensions.swift in Sources */,
				A060912A29AA25DD00541B88 /* ProfileService.swift in Sources */,
				A0663D4A29D04E6900B8AB02 /* Photo.swift in Sources */,
			);
			runOnlyForDeploymentPostprocessing = 0;
		};
/* End PBXSourcesBuildPhase section */

/* Begin PBXTargetDependency section */
		A0663D5429D091DD00B8AB02 /* PBXTargetDependency */ = {
			isa = PBXTargetDependency;
			target = A0BCDC6F29658ED000132302 /* ImageFeed */;
			targetProxy = A0663D5329D091DD00B8AB02 /* PBXContainerItemProxy */;
		};
		A0663D6929D0921200B8AB02 /* PBXTargetDependency */ = {
			isa = PBXTargetDependency;
			target = A0BCDC6F29658ED000132302 /* ImageFeed */;
			targetProxy = A0663D6829D0921200B8AB02 /* PBXContainerItemProxy */;
		};
/* End PBXTargetDependency section */

/* Begin PBXVariantGroup section */
		A0BCDC7929658ED000132302 /* Main.storyboard */ = {
			isa = PBXVariantGroup;
			children = (
				A0BCDC7A29658ED000132302 /* Base */,
			);
			name = Main.storyboard;
			sourceTree = "<group>";
		};
		A0BCDC7E29658ED100132302 /* LaunchScreen.storyboard */ = {
			isa = PBXVariantGroup;
			children = (
				A0BCDC7F29658ED100132302 /* Base */,
			);
			name = LaunchScreen.storyboard;
			sourceTree = "<group>";
		};
/* End PBXVariantGroup section */

/* Begin XCBuildConfiguration section */
		A0663D5629D091DD00B8AB02 /* Debug */ = {
			isa = XCBuildConfiguration;
			buildSettings = {
				BUNDLE_LOADER = "$(TEST_HOST)";
				CODE_SIGN_STYLE = Automatic;
				CURRENT_PROJECT_VERSION = 1;
				DEVELOPMENT_TEAM = ZUWV6H3CB2;
				GENERATE_INFOPLIST_FILE = YES;
				MARKETING_VERSION = 1.0;
				PRODUCT_BUNDLE_IDENTIFIER = "ru.grand-roman.ImageFeedTests";
				PRODUCT_NAME = "$(TARGET_NAME)";
				SWIFT_EMIT_LOC_STRINGS = NO;
				SWIFT_VERSION = 5.0;
				TARGETED_DEVICE_FAMILY = "1,2";
				TEST_HOST = "$(BUILT_PRODUCTS_DIR)/ImageFeed.app/$(BUNDLE_EXECUTABLE_FOLDER_PATH)/ImageFeed";
			};
			name = Debug;
		};
		A0663D5729D091DD00B8AB02 /* Release */ = {
			isa = XCBuildConfiguration;
			buildSettings = {
				BUNDLE_LOADER = "$(TEST_HOST)";
				CODE_SIGN_STYLE = Automatic;
				CURRENT_PROJECT_VERSION = 1;
				DEVELOPMENT_TEAM = ZUWV6H3CB2;
				GENERATE_INFOPLIST_FILE = YES;
				MARKETING_VERSION = 1.0;
				PRODUCT_BUNDLE_IDENTIFIER = "ru.grand-roman.ImageFeedTests";
				PRODUCT_NAME = "$(TARGET_NAME)";
				SWIFT_EMIT_LOC_STRINGS = NO;
				SWIFT_VERSION = 5.0;
				TARGETED_DEVICE_FAMILY = "1,2";
				TEST_HOST = "$(BUILT_PRODUCTS_DIR)/ImageFeed.app/$(BUNDLE_EXECUTABLE_FOLDER_PATH)/ImageFeed";
			};
			name = Release;
		};
		A0663D6B29D0921200B8AB02 /* Debug */ = {
			isa = XCBuildConfiguration;
			buildSettings = {
				CODE_SIGN_STYLE = Automatic;
				CURRENT_PROJECT_VERSION = 1;
				DEVELOPMENT_TEAM = ZUWV6H3CB2;
				GENERATE_INFOPLIST_FILE = YES;
				MARKETING_VERSION = 1.0;
				PRODUCT_BUNDLE_IDENTIFIER = "ru.grand-roman.ImageFeedUITests";
				PRODUCT_NAME = "$(TARGET_NAME)";
				SWIFT_EMIT_LOC_STRINGS = NO;
				SWIFT_VERSION = 5.0;
				TARGETED_DEVICE_FAMILY = "1,2";
				TEST_TARGET_NAME = ImageFeed;
			};
			name = Debug;
		};
		A0663D6C29D0921200B8AB02 /* Release */ = {
			isa = XCBuildConfiguration;
			buildSettings = {
				CODE_SIGN_STYLE = Automatic;
				CURRENT_PROJECT_VERSION = 1;
				DEVELOPMENT_TEAM = ZUWV6H3CB2;
				GENERATE_INFOPLIST_FILE = YES;
				MARKETING_VERSION = 1.0;
				PRODUCT_BUNDLE_IDENTIFIER = "ru.grand-roman.ImageFeedUITests";
				PRODUCT_NAME = "$(TARGET_NAME)";
				SWIFT_EMIT_LOC_STRINGS = NO;
				SWIFT_VERSION = 5.0;
				TARGETED_DEVICE_FAMILY = "1,2";
				TEST_TARGET_NAME = ImageFeed;
			};
			name = Release;
		};
		A0BCDC8229658ED100132302 /* Debug */ = {
			isa = XCBuildConfiguration;
			buildSettings = {
				ALWAYS_SEARCH_USER_PATHS = NO;
				CLANG_ANALYZER_NONNULL = YES;
				CLANG_ANALYZER_NUMBER_OBJECT_CONVERSION = YES_AGGRESSIVE;
				CLANG_CXX_LANGUAGE_STANDARD = "gnu++20";
				CLANG_ENABLE_MODULES = YES;
				CLANG_ENABLE_OBJC_ARC = YES;
				CLANG_ENABLE_OBJC_WEAK = YES;
				CLANG_WARN_BLOCK_CAPTURE_AUTORELEASING = YES;
				CLANG_WARN_BOOL_CONVERSION = YES;
				CLANG_WARN_COMMA = YES;
				CLANG_WARN_CONSTANT_CONVERSION = YES;
				CLANG_WARN_DEPRECATED_OBJC_IMPLEMENTATIONS = YES;
				CLANG_WARN_DIRECT_OBJC_ISA_USAGE = YES_ERROR;
				CLANG_WARN_DOCUMENTATION_COMMENTS = YES;
				CLANG_WARN_EMPTY_BODY = YES;
				CLANG_WARN_ENUM_CONVERSION = YES;
				CLANG_WARN_INFINITE_RECURSION = YES;
				CLANG_WARN_INT_CONVERSION = YES;
				CLANG_WARN_NON_LITERAL_NULL_CONVERSION = YES;
				CLANG_WARN_OBJC_IMPLICIT_RETAIN_SELF = YES;
				CLANG_WARN_OBJC_LITERAL_CONVERSION = YES;
				CLANG_WARN_OBJC_ROOT_CLASS = YES_ERROR;
				CLANG_WARN_QUOTED_INCLUDE_IN_FRAMEWORK_HEADER = YES;
				CLANG_WARN_RANGE_LOOP_ANALYSIS = YES;
				CLANG_WARN_STRICT_PROTOTYPES = YES;
				CLANG_WARN_SUSPICIOUS_MOVE = YES;
				CLANG_WARN_UNGUARDED_AVAILABILITY = YES_AGGRESSIVE;
				CLANG_WARN_UNREACHABLE_CODE = YES;
				CLANG_WARN__DUPLICATE_METHOD_MATCH = YES;
				COPY_PHASE_STRIP = NO;
				DEBUG_INFORMATION_FORMAT = dwarf;
				ENABLE_STRICT_OBJC_MSGSEND = YES;
				ENABLE_TESTABILITY = YES;
				GCC_C_LANGUAGE_STANDARD = gnu11;
				GCC_DYNAMIC_NO_PIC = NO;
				GCC_NO_COMMON_BLOCKS = YES;
				GCC_OPTIMIZATION_LEVEL = 0;
				GCC_PREPROCESSOR_DEFINITIONS = (
					"DEBUG=1",
					"$(inherited)",
				);
				GCC_WARN_64_TO_32_BIT_CONVERSION = YES;
				GCC_WARN_ABOUT_RETURN_TYPE = YES_ERROR;
				GCC_WARN_UNDECLARED_SELECTOR = YES;
				GCC_WARN_UNINITIALIZED_AUTOS = YES_AGGRESSIVE;
				GCC_WARN_UNUSED_FUNCTION = YES;
				GCC_WARN_UNUSED_VARIABLE = YES;
				IPHONEOS_DEPLOYMENT_TARGET = 16.2;
				MTL_ENABLE_DEBUG_INFO = INCLUDE_SOURCE;
				MTL_FAST_MATH = YES;
				ONLY_ACTIVE_ARCH = YES;
				SDKROOT = iphoneos;
				SWIFT_ACTIVE_COMPILATION_CONDITIONS = DEBUG;
				SWIFT_OPTIMIZATION_LEVEL = "-Onone";
			};
			name = Debug;
		};
		A0BCDC8329658ED100132302 /* Release */ = {
			isa = XCBuildConfiguration;
			buildSettings = {
				ALWAYS_SEARCH_USER_PATHS = NO;
				CLANG_ANALYZER_NONNULL = YES;
				CLANG_ANALYZER_NUMBER_OBJECT_CONVERSION = YES_AGGRESSIVE;
				CLANG_CXX_LANGUAGE_STANDARD = "gnu++20";
				CLANG_ENABLE_MODULES = YES;
				CLANG_ENABLE_OBJC_ARC = YES;
				CLANG_ENABLE_OBJC_WEAK = YES;
				CLANG_WARN_BLOCK_CAPTURE_AUTORELEASING = YES;
				CLANG_WARN_BOOL_CONVERSION = YES;
				CLANG_WARN_COMMA = YES;
				CLANG_WARN_CONSTANT_CONVERSION = YES;
				CLANG_WARN_DEPRECATED_OBJC_IMPLEMENTATIONS = YES;
				CLANG_WARN_DIRECT_OBJC_ISA_USAGE = YES_ERROR;
				CLANG_WARN_DOCUMENTATION_COMMENTS = YES;
				CLANG_WARN_EMPTY_BODY = YES;
				CLANG_WARN_ENUM_CONVERSION = YES;
				CLANG_WARN_INFINITE_RECURSION = YES;
				CLANG_WARN_INT_CONVERSION = YES;
				CLANG_WARN_NON_LITERAL_NULL_CONVERSION = YES;
				CLANG_WARN_OBJC_IMPLICIT_RETAIN_SELF = YES;
				CLANG_WARN_OBJC_LITERAL_CONVERSION = YES;
				CLANG_WARN_OBJC_ROOT_CLASS = YES_ERROR;
				CLANG_WARN_QUOTED_INCLUDE_IN_FRAMEWORK_HEADER = YES;
				CLANG_WARN_RANGE_LOOP_ANALYSIS = YES;
				CLANG_WARN_STRICT_PROTOTYPES = YES;
				CLANG_WARN_SUSPICIOUS_MOVE = YES;
				CLANG_WARN_UNGUARDED_AVAILABILITY = YES_AGGRESSIVE;
				CLANG_WARN_UNREACHABLE_CODE = YES;
				CLANG_WARN__DUPLICATE_METHOD_MATCH = YES;
				COPY_PHASE_STRIP = NO;
				DEBUG_INFORMATION_FORMAT = "dwarf-with-dsym";
				ENABLE_NS_ASSERTIONS = NO;
				ENABLE_STRICT_OBJC_MSGSEND = YES;
				GCC_C_LANGUAGE_STANDARD = gnu11;
				GCC_NO_COMMON_BLOCKS = YES;
				GCC_WARN_64_TO_32_BIT_CONVERSION = YES;
				GCC_WARN_ABOUT_RETURN_TYPE = YES_ERROR;
				GCC_WARN_UNDECLARED_SELECTOR = YES;
				GCC_WARN_UNINITIALIZED_AUTOS = YES_AGGRESSIVE;
				GCC_WARN_UNUSED_FUNCTION = YES;
				GCC_WARN_UNUSED_VARIABLE = YES;
				IPHONEOS_DEPLOYMENT_TARGET = 16.2;
				MTL_ENABLE_DEBUG_INFO = NO;
				MTL_FAST_MATH = YES;
				SDKROOT = iphoneos;
				SWIFT_COMPILATION_MODE = wholemodule;
				SWIFT_OPTIMIZATION_LEVEL = "-O";
				VALIDATE_PRODUCT = YES;
			};
			name = Release;
		};
		A0BCDC8529658ED100132302 /* Debug */ = {
			isa = XCBuildConfiguration;
			buildSettings = {
				ASSETCATALOG_COMPILER_APPICON_NAME = AppIcon;
				ASSETCATALOG_COMPILER_GLOBAL_ACCENT_COLOR_NAME = AccentColor;
				CODE_SIGN_STYLE = Automatic;
				CURRENT_PROJECT_VERSION = 1;
				DEVELOPMENT_TEAM = ZUWV6H3CB2;
				GENERATE_INFOPLIST_FILE = YES;
				INFOPLIST_FILE = ImageFeed/Info.plist;
				INFOPLIST_KEY_UIApplicationSupportsIndirectInputEvents = YES;
				INFOPLIST_KEY_UILaunchStoryboardName = LaunchScreen;
				INFOPLIST_KEY_UIMainStoryboardFile = Main;
				INFOPLIST_KEY_UISupportedInterfaceOrientations = UIInterfaceOrientationPortrait;
				INFOPLIST_KEY_UISupportedInterfaceOrientations_iPad = "UIInterfaceOrientationLandscapeLeft UIInterfaceOrientationLandscapeRight UIInterfaceOrientationPortrait UIInterfaceOrientationPortraitUpsideDown";
				IPHONEOS_DEPLOYMENT_TARGET = 13.0;
				LD_RUNPATH_SEARCH_PATHS = (
					"$(inherited)",
					"@executable_path/Frameworks",
				);
				MARKETING_VERSION = 1.0;
				PRODUCT_BUNDLE_IDENTIFIER = "ru.grand-roman.ImageFeed";
				PRODUCT_NAME = "$(TARGET_NAME)";
				SUPPORTED_PLATFORMS = "iphoneos iphonesimulator";
				SUPPORTS_MACCATALYST = NO;
				SUPPORTS_MAC_DESIGNED_FOR_IPHONE_IPAD = YES;
				SWIFT_EMIT_LOC_STRINGS = YES;
				SWIFT_VERSION = 5.0;
				TARGETED_DEVICE_FAMILY = 1;
			};
			name = Debug;
		};
		A0BCDC8629658ED100132302 /* Release */ = {
			isa = XCBuildConfiguration;
			buildSettings = {
				ASSETCATALOG_COMPILER_APPICON_NAME = AppIcon;
				ASSETCATALOG_COMPILER_GLOBAL_ACCENT_COLOR_NAME = AccentColor;
				CODE_SIGN_STYLE = Automatic;
				CURRENT_PROJECT_VERSION = 1;
				DEVELOPMENT_TEAM = ZUWV6H3CB2;
				GENERATE_INFOPLIST_FILE = YES;
				INFOPLIST_FILE = ImageFeed/Info.plist;
				INFOPLIST_KEY_UIApplicationSupportsIndirectInputEvents = YES;
				INFOPLIST_KEY_UILaunchStoryboardName = LaunchScreen;
				INFOPLIST_KEY_UIMainStoryboardFile = Main;
				INFOPLIST_KEY_UISupportedInterfaceOrientations = UIInterfaceOrientationPortrait;
				INFOPLIST_KEY_UISupportedInterfaceOrientations_iPad = "UIInterfaceOrientationLandscapeLeft UIInterfaceOrientationLandscapeRight UIInterfaceOrientationPortrait UIInterfaceOrientationPortraitUpsideDown";
				IPHONEOS_DEPLOYMENT_TARGET = 13.0;
				LD_RUNPATH_SEARCH_PATHS = (
					"$(inherited)",
					"@executable_path/Frameworks",
				);
				MARKETING_VERSION = 1.0;
				PRODUCT_BUNDLE_IDENTIFIER = "ru.grand-roman.ImageFeed";
				PRODUCT_NAME = "$(TARGET_NAME)";
				SUPPORTED_PLATFORMS = "iphoneos iphonesimulator";
				SUPPORTS_MACCATALYST = NO;
				SUPPORTS_MAC_DESIGNED_FOR_IPHONE_IPAD = YES;
				SWIFT_EMIT_LOC_STRINGS = YES;
				SWIFT_VERSION = 5.0;
				TARGETED_DEVICE_FAMILY = 1;
			};
			name = Release;
		};
/* End XCBuildConfiguration section */

/* Begin XCConfigurationList section */
		A0663D5529D091DD00B8AB02 /* Build configuration list for PBXNativeTarget "ImageFeedTests" */ = {
			isa = XCConfigurationList;
			buildConfigurations = (
				A0663D5629D091DD00B8AB02 /* Debug */,
				A0663D5729D091DD00B8AB02 /* Release */,
			);
			defaultConfigurationIsVisible = 0;
			defaultConfigurationName = Release;
		};
		A0663D6A29D0921200B8AB02 /* Build configuration list for PBXNativeTarget "ImageFeedUITests" */ = {
			isa = XCConfigurationList;
			buildConfigurations = (
				A0663D6B29D0921200B8AB02 /* Debug */,
				A0663D6C29D0921200B8AB02 /* Release */,
			);
			defaultConfigurationIsVisible = 0;
			defaultConfigurationName = Release;
		};
		A0BCDC6B29658ED000132302 /* Build configuration list for PBXProject "ImageFeed" */ = {
			isa = XCConfigurationList;
			buildConfigurations = (
				A0BCDC8229658ED100132302 /* Debug */,
				A0BCDC8329658ED100132302 /* Release */,
			);
			defaultConfigurationIsVisible = 0;
			defaultConfigurationName = Release;
		};
		A0BCDC8429658ED100132302 /* Build configuration list for PBXNativeTarget "ImageFeed" */ = {
			isa = XCConfigurationList;
			buildConfigurations = (
				A0BCDC8529658ED100132302 /* Debug */,
				A0BCDC8629658ED100132302 /* Release */,
			);
			defaultConfigurationIsVisible = 0;
			defaultConfigurationName = Release;
		};
/* End XCConfigurationList section */

/* Begin XCRemoteSwiftPackageReference section */
		A060912F29AA4C9D00541B88 /* XCRemoteSwiftPackageReference "ProgressHUD" */ = {
			isa = XCRemoteSwiftPackageReference;
			repositoryURL = "https://github.com/relatedcode/ProgressHUD";
			requirement = {
				kind = exactVersion;
				version = 13.6.2;
			};
		};
		A060913229AA4E5B00541B88 /* XCRemoteSwiftPackageReference "Kingfisher" */ = {
			isa = XCRemoteSwiftPackageReference;
			repositoryURL = "https://github.com/onevcat/Kingfisher";
			requirement = {
				kind = exactVersion;
				version = 7.6.2;
			};
		};
		A060913529AA4E9300541B88 /* XCRemoteSwiftPackageReference "SwiftKeychainWrapper" */ = {
			isa = XCRemoteSwiftPackageReference;
			repositoryURL = "https://github.com/jrendel/SwiftKeychainWrapper";
			requirement = {
				kind = exactVersion;
				version = 4.0.1;
			};
		};
/* End XCRemoteSwiftPackageReference section */

/* Begin XCSwiftPackageProductDependency section */
		A060913029AA4C9D00541B88 /* ProgressHUD */ = {
			isa = XCSwiftPackageProductDependency;
			package = A060912F29AA4C9D00541B88 /* XCRemoteSwiftPackageReference "ProgressHUD" */;
			productName = ProgressHUD;
		};
		A060913329AA4E5B00541B88 /* Kingfisher */ = {
			isa = XCSwiftPackageProductDependency;
			package = A060913229AA4E5B00541B88 /* XCRemoteSwiftPackageReference "Kingfisher" */;
			productName = Kingfisher;
		};
		A060913629AA4E9300541B88 /* SwiftKeychainWrapper */ = {
			isa = XCSwiftPackageProductDependency;
			package = A060913529AA4E9300541B88 /* XCRemoteSwiftPackageReference "SwiftKeychainWrapper" */;
			productName = SwiftKeychainWrapper;
		};
/* End XCSwiftPackageProductDependency section */
	};
	rootObject = A0BCDC6829658ED000132302 /* Project object */;
}
